# This file is generated by running "yarn install" inside your project.
# Manual changes might be lost - proceed with caution!

__metadata:
  version: 10
  cacheKey: 10c0

"@fast-csv/format@npm:5.0.7":
  version: 5.0.7
  resolution: "@fast-csv/format@npm:5.0.7"
  dependencies:
    lodash.escaperegexp: "npm:^4.1.2"
  checksum: 10c0/0553cbdac921ce2c33438e301582777314c0fc0044276ef436cb497cd8e9067928799e5dbe6b730e5f71fc076a2ead66479cf69388d3ebef9780b6c19343d448
  languageName: node
  linkType: hard

"@fast-csv/parse@npm:5.0.7":
  version: 5.0.7
  resolution: "@fast-csv/parse@npm:5.0.7"
  dependencies:
    lodash.escaperegexp: "npm:^4.1.2"
    lodash.groupby: "npm:^4.6.0"
    lodash.uniq: "npm:^4.5.0"
  checksum: 10c0/4e3823f3b78cb96818b776edb69f247812d6323eb52843251017a4077db8df044c5825e093ec4984a7d80a114311527d9a0110caf43195a22a83a894eab35d1e
  languageName: node
  linkType: hard

"@types/geojson@npm:^7946.0.16":
  version: 7946.0.16
  resolution: "@types/geojson@npm:7946.0.16"
  checksum: 10c0/1ff24a288bd5860b766b073ead337d31d73bdc715e5b50a2cee5cb0af57a1ed02cc04ef295f5fa68dc40fe3e4f104dd31282b2b818a5ba3231bc1001ba084e3c
  languageName: node
  linkType: hard

"@types/node@npm:^25.9.3":
  version: 25.9.3
  resolution: "@types/node@npm:25.9.3"
  dependencies:
    undici-types: "npm:>=7.24.0 <7.24.7"
  checksum: 10c0/72d3aece9d42c2c641bcd3f3cb2dc2828b4bd384dfcbd910c404b8859a68bd69d50c4769ce7defd4ff5e049768e23e615f09407ea2cbbb5f44b90d75a7c6b8ca
  languageName: node
  linkType: hard

"ajv@npm:^8.20.0":
  version: 8.20.0
  resolution: "ajv@npm:8.20.0"
  dependencies:
    fast-deep-equal: "npm:^3.1.3"
    fast-uri: "npm:^3.0.1"
    json-schema-traverse: "npm:^1.0.0"
    require-from-string: "npm:^2.0.2"
  checksum: 10c0/5df9a1c8f83863cde1bd3a9ddb426f599718f88e3dc9153616c79fb28e0be455335830d7f21d745576519f057b371352daa31047b6a33d7036fe08777d60cf2a
  languageName: node
  linkType: hard

"csv-parse@npm:^7.0.0":
  version: 7.0.0
  resolution: "csv-parse@npm:7.0.0"
  checksum: 10c0/89bf952fcb762d3e8c806041eefc2887b852c837bc0c3c8db57ef9983ffe3925eb5d5675a0e78a032a5b78caa1e0bfb272a5534525780398ff06daa0c730c755
  languageName: node
  linkType: hard

"csv-parser@npm:^3.2.1":
  version: 3.2.1
  resolution: "csv-parser@npm:3.2.1"
  bin:
    csv-parser: bin/csv-parser
  checksum: 10c0/470ad21c9eba57ef24b56b08b2b7d376724987f3774deaaa32b8553620ee861e31f24ee06b456a33bcae37b8c103c70b2de71e6cf04f4cdb856e90ea56e649c2
  languageName: node
  linkType: hard

"fast-csv@npm:^5.0.7":
  version: 5.0.7
  resolution: "fast-csv@npm:5.0.7"
  dependencies:
    "@fast-csv/format": "npm:5.0.7"
    "@fast-csv/parse": "npm:5.0.7"
  checksum: 10c0/145c9d5cefa66c6b369e5f8122ec21c7112b87f1399773deb981b9ce579637f50cff59c90e1474250cb374470b855d6f2ab6da5283aaf20055db016b617ad22c
  languageName: node
  linkType: hard

"fast-deep-equal@npm:^3.1.3":
  version: 3.1.3
  resolution: "fast-deep-equal@npm:3.1.3"
  checksum: 10c0/40dedc862eb8992c54579c66d914635afbec43350afbbe991235fdcb4e3a8d5af1b23ae7e79bef7d4882d0ecee06c3197488026998fb19f72dc95acff1d1b1d0
  languageName: node
  linkType: hard

"fast-uri@npm:^3.0.1":
  version: 3.1.2
  resolution: "fast-uri@npm:3.1.2"
  checksum: 10c0/5b35641895959f3f7ab7a7b1b5542bded159346f25ec9f256817b206d50b64eda5828e90d605a2e2fc645c90519a7259c2bab2c942ee728c88b88e5be21b090d
  languageName: node
  linkType: hard

"geojson@npm:^0.5.0":
  version: 0.5.0
  resolution: "geojson@npm:0.5.0"
  checksum: 10c0/d7fd376c201933dea1307b7c08032f249f73b9399d6287211f6a523d0efa9260caf2a38319f55075682d53dc4cb4c52b9f9c845f2fd03bef9832903f16177ab0
  languageName: node
  linkType: hard

"json-schema-traverse@npm:^1.0.0":
  version: 1.0.0
  resolution: "json-schema-traverse@npm:1.0.0"
  checksum: 10c0/71e30015d7f3d6dc1c316d6298047c8ef98a06d31ad064919976583eb61e1018a60a0067338f0f79cabc00d84af3fcc489bd48ce8a46ea165d9541ba17fb30c6
  languageName: node
  linkType: hard

"lodash.escaperegexp@npm:^4.1.2":
  version: 4.1.2
  resolution: "lodash.escaperegexp@npm:4.1.2"
  checksum: 10c0/484ad4067fa9119bb0f7c19a36ab143d0173a081314993fe977bd00cf2a3c6a487ce417a10f6bac598d968364f992153315f0dbe25c9e38e3eb7581dd333e087
  languageName: node
  linkType: hard

"lodash.groupby@npm:^4.6.0":
  version: 4.6.0
  resolution: "lodash.groupby@npm:4.6.0"
  checksum: 10c0/3d136cad438ad6c3a078984ef60e057a3498b1312aa3621b00246ecb99e8f2c4d447e2815460db7a0b661a4fe4e2eeee96c84cb661a824bad04b6cf1f7bc6e9b
  languageName: node
  linkType: hard

"lodash.uniq@npm:^4.5.0":
  version: 4.5.0
  resolution: "lodash.uniq@npm:4.5.0"
  checksum: 10c0/262d400bb0952f112162a320cc4a75dea4f66078b9e7e3075ffbc9c6aa30b3e9df3cf20e7da7d566105e1ccf7804e4fbd7d804eee0b53de05d83f16ffbf41c5e
  languageName: node
  linkType: hard

"require-from-string@npm:^2.0.2":
  version: 2.0.2
  resolution: "require-from-string@npm:2.0.2"
  checksum: 10c0/aaa267e0c5b022fc5fd4eef49d8285086b15f2a1c54b28240fdf03599cbd9c26049fee3eab894f2e1f6ca65e513b030a7c264201e3f005601e80c49fb2937ce2
  languageName: node
  linkType: hard

"tsc@npm:^2.0.4":
  version: 2.0.4
  resolution: "tsc@npm:2.0.4"
  bin:
    tsc: bin/tsc
  checksum: 10c0/4651d344891d995e62ab7ca64ce0a8597bbdc2d392886c9956d15caab4dc9bfe86e759d3385b3f97c49fb5294194a161d6812673e3f51e46357c82482f32c3ab
  languageName: node
  linkType: hard

"typescript@npm:^6.0.3":
  version: 6.0.3
  resolution: "typescript@npm:6.0.3"
  bin:
    tsc: bin/tsc
    tsserver: bin/tsserver
  checksum: 10c0/4a25ff5045b984370f48f196b3a0120779b1b343d40b9a68d114ea5e5fff099809b2bb777576991a63a5cd59cf7bffd96ff6fe10afcefbcb8bd6fb96ad4b6606
  languageName: node
  linkType: hard

"typescript@patch:typescript@npm%3A^6.0.3#optional!builtin<compat/typescript>":
  version: 6.0.3
  resolution: "typescript@patch:typescript@npm%3A6.0.3#optional!builtin<compat/typescript>::version=6.0.3&hash=5786d5"
  bin:
    tsc: bin/tsc
    tsserver: bin/tsserver
  checksum: 10c0/2f25c74e65663c248fa1ade2b8459d9ce5372ff9dad07067310f132966ebec1d93f6c42f0baf77a6b6a7a91460463f708e6887013aaade22111037457c6b25df
  languageName: node
  linkType: hard

"undici-types@npm:>=7.24.0 <7.24.7":
  version: 7.24.6
  resolution: "undici-types@npm:7.24.6"
  checksum: 10c0/d9cd8befb643ac904615c280a095ba4240531f6bb4a5e75a22a7483630ca8d3f1016d2ab6ace6ceda1f63b3a2db2fe037fafe121d6917a0187573aa548ff78ca
  languageName: node
  linkType: hard

"vatspy-helpers@workspace:.":
  version: 0.0.0-use.local
  resolution: "vatspy-helpers@workspace:."
  dependencies:
    "@types/geojson": "npm:^7946.0.16"
    "@types/node": "npm:^25.9.3"
    ajv: "npm:^8.20.0"
    csv-parse: "npm:^7.0.0"
    csv-parser: "npm:^3.2.1"
    fast-csv: "npm:^5.0.7"
    geojson: "npm:^0.5.0"
    tsc: "npm:^2.0.4"
    typescript: "npm:^6.0.3"
  languageName: unknown
  linkType: soft
