# This file is generated by running "yarn install" inside your project.
# Manual changes might be lost - proceed with caution!

__metadata:
  version: 8
  cacheKey: 10c0

"@types/node@npm:^24.0.14":
  version: 24.0.14
  resolution: "@types/node@npm:24.0.14"
  dependencies:
    undici-types: "npm:~7.8.0"
  checksum: 10c0/536b5a816554ad1522e9e0c1d517b317f8478798bd76a332d83690aa42b19b5b263eb295ee25f9d0badb430ee6e36412ee9070cb5e3359f6bdcf7e08f94302f1
  languageName: node
  linkType: hard

"ajv@npm:^8.17.1":
  version: 8.17.1
  resolution: "ajv@npm:8.17.1"
  dependencies:
    fast-deep-equal: "npm:^3.1.3"
    fast-uri: "npm:^3.0.1"
    json-schema-traverse: "npm:^1.0.0"
    require-from-string: "npm:^2.0.2"
  checksum: 10c0/ec3ba10a573c6b60f94639ffc53526275917a2df6810e4ab5a6b959d87459f9ef3f00d5e7865b82677cb7d21590355b34da14d1d0b9c32d75f95a187e76fff35
  languageName: node
  linkType: hard

"fast-deep-equal@npm:^3.1.3":
  version: 3.1.3
  resolution: "fast-deep-equal@npm:3.1.3"
  checksum: 10c0/40dedc862eb8992c54579c66d914635afbec43350afbbe991235fdcb4e3a8d5af1b23ae7e79bef7d4882d0ecee06c3197488026998fb19f72dc95acff1d1b1d0
  languageName: node
  linkType: hard

"fast-uri@npm:^3.0.1":
  version: 3.0.6
  resolution: "fast-uri@npm:3.0.6"
  checksum: 10c0/74a513c2af0584448aee71ce56005185f81239eab7a2343110e5bad50c39ad4fb19c5a6f99783ead1cac7ccaf3461a6034fda89fffa2b30b6d99b9f21c2f9d29
  languageName: node
  linkType: hard

"json-schema-traverse@npm:^1.0.0":
  version: 1.0.0
  resolution: "json-schema-traverse@npm:1.0.0"
  checksum: 10c0/71e30015d7f3d6dc1c316d6298047c8ef98a06d31ad064919976583eb61e1018a60a0067338f0f79cabc00d84af3fcc489bd48ce8a46ea165d9541ba17fb30c6
  languageName: node
  linkType: hard

"require-from-string@npm:^2.0.2":
  version: 2.0.2
  resolution: "require-from-string@npm:2.0.2"
  checksum: 10c0/aaa267e0c5b022fc5fd4eef49d8285086b15f2a1c54b28240fdf03599cbd9c26049fee3eab894f2e1f6ca65e513b030a7c264201e3f005601e80c49fb2937ce2
  languageName: node
  linkType: hard

"tsc@npm:^2.0.4":
  version: 2.0.4
  resolution: "tsc@npm:2.0.4"
  bin:
    tsc: bin/tsc
  checksum: 10c0/4651d344891d995e62ab7ca64ce0a8597bbdc2d392886c9956d15caab4dc9bfe86e759d3385b3f97c49fb5294194a161d6812673e3f51e46357c82482f32c3ab
  languageName: node
  linkType: hard

"typescript@npm:^5.8.3":
  version: 5.8.3
  resolution: "typescript@npm:5.8.3"
  bin:
    tsc: bin/tsc
    tsserver: bin/tsserver
  checksum: 10c0/5f8bb01196e542e64d44db3d16ee0e4063ce4f3e3966df6005f2588e86d91c03e1fb131c2581baf0fb65ee79669eea6e161cd448178986587e9f6844446dbb48
  languageName: node
  linkType: hard

"typescript@patch:typescript@npm%3A^5.8.3#optional!builtin<compat/typescript>":
  version: 5.8.3
  resolution: "typescript@patch:typescript@npm%3A5.8.3#optional!builtin<compat/typescript>::version=5.8.3&hash=5786d5"
  bin:
    tsc: bin/tsc
    tsserver: bin/tsserver
  checksum: 10c0/39117e346ff8ebd87ae1510b3a77d5d92dae5a89bde588c747d25da5c146603a99c8ee588c7ef80faaf123d89ed46f6dbd918d534d641083177d5fac38b8a1cb
  languageName: node
  linkType: hard

"undici-types@npm:~7.8.0":
  version: 7.8.0
  resolution: "undici-types@npm:7.8.0"
  checksum: 10c0/9d9d246d1dc32f318d46116efe3cfca5a72d4f16828febc1918d94e58f6ffcf39c158aa28bf5b4fc52f410446bc7858f35151367bd7a49f21746cab6497b709b
  languageName: node
  linkType: hard

"vatspy-helpers@workspace:.":
  version: 0.0.0-use.local
  resolution: "vatspy-helpers@workspace:."
  dependencies:
    "@types/node": "npm:^24.0.14"
    ajv: "npm:^8.17.1"
    tsc: "npm:^2.0.4"
    typescript: "npm:^5.8.3"
  languageName: unknown
  linkType: soft
