# This file is generated by running "yarn install" inside your project.
# Manual changes might be lost - proceed with caution!

__metadata:
  version: 8
  cacheKey: 10c0

"@fast-csv/format@npm:5.0.5":
  version: 5.0.5
  resolution: "@fast-csv/format@npm:5.0.5"
  dependencies:
    lodash.escaperegexp: "npm:^4.1.2"
    lodash.isboolean: "npm:^3.0.3"
    lodash.isfunction: "npm:^3.0.9"
    lodash.isnil: "npm:^4.0.0"
  checksum: 10c0/9c61b61799e8f07380eaf67dd93204b3787b1cce73efad761a5b6bc43e58d37e6672ed96c19ce189dd525a5280a700247636d3bc6d3118a33b6209748d72ea4b
  languageName: node
  linkType: hard

"@fast-csv/parse@npm:5.0.5":
  version: 5.0.5
  resolution: "@fast-csv/parse@npm:5.0.5"
  dependencies:
    lodash.escaperegexp: "npm:^4.1.2"
    lodash.groupby: "npm:^4.6.0"
    lodash.isfunction: "npm:^3.0.9"
    lodash.isnil: "npm:^4.0.0"
    lodash.isundefined: "npm:^3.0.1"
    lodash.uniq: "npm:^4.5.0"
  checksum: 10c0/849610401684e8dc0ed4375b38e514a8fcdc590cd73283688c0ab0f2ca793f29baf1ba4d0a5c189621125635bc2cc3d2083bd0ef56ff3615bd3e7c0f43fe49ec
  languageName: node
  linkType: hard

"@types/geojson@npm:^0":
  version: 0.0.32
  resolution: "@types/geojson@npm:0.0.32"
  checksum: 10c0/fb2ad12adf99589a9683eff3de46cc83e8efe88e81be113b3f7592cec7fa511e1572b8a93889a8f60a63ee1d887184e67d0c4a70a77ca30c1831a925bebc9915
  languageName: node
  linkType: hard

"@types/node@npm:^24.2.1":
  version: 24.2.1
  resolution: "@types/node@npm:24.2.1"
  dependencies:
    undici-types: "npm:~7.10.0"
  checksum: 10c0/439a3c7edf88a298e0c92e46f670234070b892589c3b06e82cc86c47a7e1cf220f4a4b4736ec6ac7e4b9e1c40d7b6d443a1e22f99dd17f13f9dd15de3b32011b
  languageName: node
  linkType: hard

"ajv@npm:^8.17.1":
  version: 8.17.1
  resolution: "ajv@npm:8.17.1"
  dependencies:
    fast-deep-equal: "npm:^3.1.3"
    fast-uri: "npm:^3.0.1"
    json-schema-traverse: "npm:^1.0.0"
    require-from-string: "npm:^2.0.2"
  checksum: 10c0/ec3ba10a573c6b60f94639ffc53526275917a2df6810e4ab5a6b959d87459f9ef3f00d5e7865b82677cb7d21590355b34da14d1d0b9c32d75f95a187e76fff35
  languageName: node
  linkType: hard

"csv-parse@npm:^6.1.0":
  version: 6.1.0
  resolution: "csv-parse@npm:6.1.0"
  checksum: 10c0/098c69e5b3b50d4bf65401dc3b2f1bd66f272fe985be99d7cb9f14ad33a7218f0f5695a03a82720cf47141d242bf44b4836ff32900751bef087057bc6e6715a2
  languageName: node
  linkType: hard

"csv-parser@npm:^3.2.0":
  version: 3.2.0
  resolution: "csv-parser@npm:3.2.0"
  bin:
    csv-parser: bin/csv-parser
  checksum: 10c0/650769916607dae9679187803c71ef70d3b724cfb18e4adff187167b282faf18ac7c14a318c4ea6e92ae3483d3ed4b8d92ff213e77979e3049a5c0029034ac65
  languageName: node
  linkType: hard

"fast-csv@npm:^5.0.5":
  version: 5.0.5
  resolution: "fast-csv@npm:5.0.5"
  dependencies:
    "@fast-csv/format": "npm:5.0.5"
    "@fast-csv/parse": "npm:5.0.5"
  checksum: 10c0/d2ad0028544443a484be63537a8c4ac678a3b223e9b6029a56291db7d1c44323529b3d00c9fe28bc48cc93ef68b2cd15a2ee15426abb558a8b5cc2736c61c63f
  languageName: node
  linkType: hard

"fast-deep-equal@npm:^3.1.3":
  version: 3.1.3
  resolution: "fast-deep-equal@npm:3.1.3"
  checksum: 10c0/40dedc862eb8992c54579c66d914635afbec43350afbbe991235fdcb4e3a8d5af1b23ae7e79bef7d4882d0ecee06c3197488026998fb19f72dc95acff1d1b1d0
  languageName: node
  linkType: hard

"fast-uri@npm:^3.0.1":
  version: 3.0.6
  resolution: "fast-uri@npm:3.0.6"
  checksum: 10c0/74a513c2af0584448aee71ce56005185f81239eab7a2343110e5bad50c39ad4fb19c5a6f99783ead1cac7ccaf3461a6034fda89fffa2b30b6d99b9f21c2f9d29
  languageName: node
  linkType: hard

"geojson@npm:^0.5.0":
  version: 0.5.0
  resolution: "geojson@npm:0.5.0"
  checksum: 10c0/d7fd376c201933dea1307b7c08032f249f73b9399d6287211f6a523d0efa9260caf2a38319f55075682d53dc4cb4c52b9f9c845f2fd03bef9832903f16177ab0
  languageName: node
  linkType: hard

"json-schema-traverse@npm:^1.0.0":
  version: 1.0.0
  resolution: "json-schema-traverse@npm:1.0.0"
  checksum: 10c0/71e30015d7f3d6dc1c316d6298047c8ef98a06d31ad064919976583eb61e1018a60a0067338f0f79cabc00d84af3fcc489bd48ce8a46ea165d9541ba17fb30c6
  languageName: node
  linkType: hard

"lodash.escaperegexp@npm:^4.1.2":
  version: 4.1.2
  resolution: "lodash.escaperegexp@npm:4.1.2"
  checksum: 10c0/484ad4067fa9119bb0f7c19a36ab143d0173a081314993fe977bd00cf2a3c6a487ce417a10f6bac598d968364f992153315f0dbe25c9e38e3eb7581dd333e087
  languageName: node
  linkType: hard

"lodash.groupby@npm:^4.6.0":
  version: 4.6.0
  resolution: "lodash.groupby@npm:4.6.0"
  checksum: 10c0/3d136cad438ad6c3a078984ef60e057a3498b1312aa3621b00246ecb99e8f2c4d447e2815460db7a0b661a4fe4e2eeee96c84cb661a824bad04b6cf1f7bc6e9b
  languageName: node
  linkType: hard

"lodash.isboolean@npm:^3.0.3":
  version: 3.0.3
  resolution: "lodash.isboolean@npm:3.0.3"
  checksum: 10c0/0aac604c1ef7e72f9a6b798e5b676606042401dd58e49f051df3cc1e3adb497b3d7695635a5cbec4ae5f66456b951fdabe7d6b387055f13267cde521f10ec7f7
  languageName: node
  linkType: hard

"lodash.isfunction@npm:^3.0.9":
  version: 3.0.9
  resolution: "lodash.isfunction@npm:3.0.9"
  checksum: 10c0/e88620922f5f104819496884779ca85bfc542efb2946df661ab3e2cd38da5c8375434c6adbedfc76dd3c2b04075d2ba8ec215cfdedf08ddd2e3c3467e8a26ccd
  languageName: node
  linkType: hard

"lodash.isnil@npm:^4.0.0":
  version: 4.0.0
  resolution: "lodash.isnil@npm:4.0.0"
  checksum: 10c0/1a410a62eb2e797f077d038c11cbf1ea18ab36f713982849f086f86e050234d69988c76fa18d00278c0947daec67e9ecbc666326b8a06b43e36d3ece813a8120
  languageName: node
  linkType: hard

"lodash.isundefined@npm:^3.0.1":
  version: 3.0.1
  resolution: "lodash.isundefined@npm:3.0.1"
  checksum: 10c0/00ca2ae6fc83e10f806769130ee62b5bf419a4aaa52d1a084164b4cf2b2ab1dbf7246e05c72cf0df2ebf4ea38ab565a688c1a7362b54331bb336ea8b492f327f
  languageName: node
  linkType: hard

"lodash.uniq@npm:^4.5.0":
  version: 4.5.0
  resolution: "lodash.uniq@npm:4.5.0"
  checksum: 10c0/262d400bb0952f112162a320cc4a75dea4f66078b9e7e3075ffbc9c6aa30b3e9df3cf20e7da7d566105e1ccf7804e4fbd7d804eee0b53de05d83f16ffbf41c5e
  languageName: node
  linkType: hard

"require-from-string@npm:^2.0.2":
  version: 2.0.2
  resolution: "require-from-string@npm:2.0.2"
  checksum: 10c0/aaa267e0c5b022fc5fd4eef49d8285086b15f2a1c54b28240fdf03599cbd9c26049fee3eab894f2e1f6ca65e513b030a7c264201e3f005601e80c49fb2937ce2
  languageName: node
  linkType: hard

"tsc@npm:^2.0.4":
  version: 2.0.4
  resolution: "tsc@npm:2.0.4"
  bin:
    tsc: bin/tsc
  checksum: 10c0/4651d344891d995e62ab7ca64ce0a8597bbdc2d392886c9956d15caab4dc9bfe86e759d3385b3f97c49fb5294194a161d6812673e3f51e46357c82482f32c3ab
  languageName: node
  linkType: hard

"typescript@npm:^5.9.2":
  version: 5.9.2
  resolution: "typescript@npm:5.9.2"
  bin:
    tsc: bin/tsc
    tsserver: bin/tsserver
  checksum: 10c0/cd635d50f02d6cf98ed42de2f76289701c1ec587a363369255f01ed15aaf22be0813226bff3c53e99d971f9b540e0b3cc7583dbe05faded49b1b0bed2f638a18
  languageName: node
  linkType: hard

"typescript@patch:typescript@npm%3A^5.9.2#optional!builtin<compat/typescript>":
  version: 5.9.2
  resolution: "typescript@patch:typescript@npm%3A5.9.2#optional!builtin<compat/typescript>::version=5.9.2&hash=5786d5"
  bin:
    tsc: bin/tsc
    tsserver: bin/tsserver
  checksum: 10c0/34d2a8e23eb8e0d1875072064d5e1d9c102e0bdce56a10a25c0b917b8aa9001a9cf5c225df12497e99da107dc379360bc138163c66b55b95f5b105b50578067e
  languageName: node
  linkType: hard

"undici-types@npm:~7.10.0":
  version: 7.10.0
  resolution: "undici-types@npm:7.10.0"
  checksum: 10c0/8b00ce50e235fe3cc601307f148b5e8fb427092ee3b23e8118ec0a5d7f68eca8cee468c8fc9f15cbb2cf2a3797945ebceb1cbd9732306a1d00e0a9b6afa0f635
  languageName: node
  linkType: hard

"vatspy-helpers@workspace:.":
  version: 0.0.0-use.local
  resolution: "vatspy-helpers@workspace:."
  dependencies:
    "@types/geojson": "npm:^0"
    "@types/node": "npm:^24.2.1"
    ajv: "npm:^8.17.1"
    csv-parse: "npm:^6.1.0"
    csv-parser: "npm:^3.2.0"
    fast-csv: "npm:^5.0.5"
    geojson: "npm:^0.5.0"
    tsc: "npm:^2.0.4"
    typescript: "npm:^5.9.2"
  languageName: unknown
  linkType: soft
